
Microsoft Visual Studio Solution File, Format Version 12.00
# Visual Studio Version 17
VisualStudioVersion = 17.13.35806.99
MinimumVisualStudioVersion = 10.0.40219.1
Project("{FAE04EC0-301F-11D3-BF4B-00C04F79EFBC}") = "LabRevenueNavigator.API", "LabRevenueNavigator\LabRevenueNavigator.API.csproj", "{5710573C-3D2C-486B-9B3D-CFA66AE018DB}"
EndProject
Project("{FAE04EC0-301F-11D3-BF4B-00C04F79EFBC}") = "LRN.ExcelToSqlETL.Core", "LRN.ExcelToSqlETL\LRN.ExcelToSqlETL.Core.csproj", "{BE6AD549-4E1E-402B-A985-36143BF058FB}"
EndProject
Project("{FAE04EC0-301F-11D3-BF4B-00C04F79EFBC}") = "LRN.ExcelETL.Service", "LRN.ExcelETL.Service\LRN.ExcelETL.Service.csproj", "{5EE505F3-13A0-4E7B-8BFD-2A8EF6CA77BE}"
EndProject
Project("{FAE04EC0-301F-11D3-BF4B-00C04F79EFBC}") = "LRN.TestApp", "LRN.TestApp\LRN.TestApp.csproj", "{401F18FD-D5DD-456A-A370-1AB5C0946CFC}"
EndProject
Project("{FAE04EC0-301F-11D3-BF4B-00C04F79EFBC}") = "LRN.CommonLogger", "LRN.CommonLogger\LRN.CommonLogger.csproj", "{7233ADB6-CF0F-4598-8067-A87569181104}"
EndProject
Project("{FAE04EC0-301F-11D3-BF4B-00C04F79EFBC}") = "LRN.ExcelGenerator", "LRN.ExcelGenerator\LRN.ExcelGenerator.csproj", "{D0282829-FF4A-402D-AC9F-FB04870DF6EF}"
EndProject
Project("{FAE04EC0-301F-11D3-BF4B-00C04F79EFBC}") = "LRN.ReportBridge", "LRN.ReportBridge\LRN.ReportBridge.csproj", "{28F6259F-FA62-4A61-A13B-70674B286643}"
EndProject
Project("{FAE04EC0-301F-11D3-BF4B-00C04F79EFBC}") = "LRN.WebApp", "LRN.WebApp\LRN.WebApp.csproj", "{88536A54-AAA5-46FA-9C0D-26E674EC04BA}"
EndProject
Project("{FAE04EC0-301F-11D3-BF4B-00C04F79EFBC}") = "LRN.DataLibrary", "LRN.DataLibrary\LRN.DataLibrary.csproj", "{0CC95615-6672-4067-B1C0-41E7AFFA1BDB}"
EndProject
Project("{FAE04EC0-301F-11D3-BF4B-00C04F79EFBC}") = "LRN.ETLWorkerService", "LRN.ETLWorkerService\LRN.ETLWorkerService.csproj", "{495CFDE8-0D94-4D66-BEBD-AD3C57CFE7EC}"
EndProject
Project("{FAE04EC0-301F-11D3-BF4B-00C04F79EFBC}") = "LRN.CodingMasterValidation", "LRN.CodingMasterValidation\LRN.CodingMasterValidation.csproj", "{D27B1CE5-1C15-CC35-5BFB-65546622B7B0}"
EndProject
Project("{FAE04EC0-301F-11D3-BF4B-00C04F79EFBC}") = "ReportsGen", "ReportsGen\ReportsGen.csproj", "{7E4E4D51-3918-8D66-E0BF-9DA42DC86185}"
EndProject
Project("{FAE04EC0-301F-11D3-BF4B-00C04F79EFBC}") = "PayerPolicyStatusGenerator", "PayerPolicyStatusGenerator\PayerPolicyStatusGenerator.csproj", "{641FE2FF-CC05-412C-5927-3937EC85992A}"
EndProject
Project("{FAE04EC0-301F-11D3-BF4B-00C04F79EFBC}") = "PCRCO_LABPayerPolicyService", "PCRCO_LABPayerPolicyService\PCRCO_LABPayerPolicyService.csproj", "{9DDFD9F5-6A72-7B91-B646-13844591FB59}"
EndProject
Global
	GlobalSection(SolutionConfigurationPlatforms) = preSolution
		Debug|Any CPU = Debug|Any CPU
		Debug|x64 = Debug|x64
		Debug|x86 = Debug|x86
		Release|Any CPU = Release|Any CPU
		Release|x64 = Release|x64
		Release|x86 = Release|x86
	EndGlobalSection
	GlobalSection(ProjectConfigurationPlatforms) = postSolution
		{5710573C-3D2C-486B-9B3D-CFA66AE018DB}.Debug|Any CPU.ActiveCfg = Debug|Any CPU
		{5710573C-3D2C-486B-9B3D-CFA66AE018DB}.Debug|Any CPU.Build.0 = Debug|Any CPU
		{5710573C-3D2C-486B-9B3D-CFA66AE018DB}.Debug|x64.ActiveCfg = Debug|Any CPU
		{5710573C-3D2C-486B-9B3D-CFA66AE018DB}.Debug|x64.Build.0 = Debug|Any CPU
		{5710573C-3D2C-486B-9B3D-CFA66AE018DB}.Debug|x86.ActiveCfg = Debug|Any CPU
		{5710573C-3D2C-486B-9B3D-CFA66AE018DB}.Debug|x86.Build.0 = Debug|Any CPU
		{5710573C-3D2C-486B-9B3D-CFA66AE018DB}.Release|Any CPU.ActiveCfg = Release|Any CPU
		{5710573C-3D2C-486B-9B3D-CFA66AE018DB}.Release|Any CPU.Build.0 = Release|Any CPU
		{5710573C-3D2C-486B-9B3D-CFA66AE018DB}.Release|x64.ActiveCfg = Release|Any CPU
		{5710573C-3D2C-486B-9B3D-CFA66AE018DB}.Release|x64.Build.0 = Release|Any CPU
		{5710573C-3D2C-486B-9B3D-CFA66AE018DB}.Release|x86.ActiveCfg = Release|Any CPU
		{5710573C-3D2C-486B-9B3D-CFA66AE018DB}.Release|x86.Build.0 = Release|Any CPU
		{BE6AD549-4E1E-402B-A985-36143BF058FB}.Debug|Any CPU.ActiveCfg = Debug|Any CPU
		{BE6AD549-4E1E-402B-A985-36143BF058FB}.Debug|Any CPU.Build.0 = Debug|Any CPU
		{BE6AD549-4E1E-402B-A985-36143BF058FB}.Debug|x64.ActiveCfg = Debug|Any CPU
		{BE6AD549-4E1E-402B-A985-36143BF058FB}.Debug|x64.Build.0 = Debug|Any CPU
		{BE6AD549-4E1E-402B-A985-36143BF058FB}.Debug|x86.ActiveCfg = Debug|Any CPU
		{BE6AD549-4E1E-402B-A985-36143BF058FB}.Debug|x86.Build.0 = Debug|Any CPU
		{BE6AD549-4E1E-402B-A985-36143BF058FB}.Release|Any CPU.ActiveCfg = Release|Any CPU
		{BE6AD549-4E1E-402B-A985-36143BF058FB}.Release|Any CPU.Build.0 = Release|Any CPU
		{BE6AD549-4E1E-402B-A985-36143BF058FB}.Release|x64.ActiveCfg = Release|Any CPU
		{BE6AD549-4E1E-402B-A985-36143BF058FB}.Release|x64.Build.0 = Release|Any CPU
		{BE6AD549-4E1E-402B-A985-36143BF058FB}.Release|x86.ActiveCfg = Release|Any CPU
		{BE6AD549-4E1E-402B-A985-36143BF058FB}.Release|x86.Build.0 = Release|Any CPU
		{5EE505F3-13A0-4E7B-8BFD-2A8EF6CA77BE}.Debug|Any CPU.ActiveCfg = Debug|Any CPU
		{5EE505F3-13A0-4E7B-8BFD-2A8EF6CA77BE}.Debug|Any CPU.Build.0 = Debug|Any CPU
		{5EE505F3-13A0-4E7B-8BFD-2A8EF6CA77BE}.Debug|x64.ActiveCfg = Debug|Any CPU
		{5EE505F3-13A0-4E7B-8BFD-2A8EF6CA77BE}.Debug|x64.Build.0 = Debug|Any CPU
		{5EE505F3-13A0-4E7B-8BFD-2A8EF6CA77BE}.Debug|x86.ActiveCfg = Debug|Any CPU
		{5EE505F3-13A0-4E7B-8BFD-2A8EF6CA77BE}.Debug|x86.Build.0 = Debug|Any CPU
		{5EE505F3-13A0-4E7B-8BFD-2A8EF6CA77BE}.Release|Any CPU.ActiveCfg = Release|Any CPU
		{5EE505F3-13A0-4E7B-8BFD-2A8EF6CA77BE}.Release|Any CPU.Build.0 = Release|Any CPU
		{5EE505F3-13A0-4E7B-8BFD-2A8EF6CA77BE}.Release|x64.ActiveCfg = Release|Any CPU
		{5EE505F3-13A0-4E7B-8BFD-2A8EF6CA77BE}.Release|x64.Build.0 = Release|Any CPU
		{5EE505F3-13A0-4E7B-8BFD-2A8EF6CA77BE}.Release|x86.ActiveCfg = Release|Any CPU
		{5EE505F3-13A0-4E7B-8BFD-2A8EF6CA77BE}.Release|x86.Build.0 = Release|Any CPU
		{401F18FD-D5DD-456A-A370-1AB5C0946CFC}.Debug|Any CPU.ActiveCfg = Debug|Any CPU
		{401F18FD-D5DD-456A-A370-1AB5C0946CFC}.Debug|Any CPU.Build.0 = Debug|Any CPU
		{401F18FD-D5DD-456A-A370-1AB5C0946CFC}.Debug|x64.ActiveCfg = Debug|Any CPU
		{401F18FD-D5DD-456A-A370-1AB5C0946CFC}.Debug|x64.Build.0 = Debug|Any CPU
		{401F18FD-D5DD-456A-A370-1AB5C0946CFC}.Debug|x86.ActiveCfg = Debug|Any CPU
		{401F18FD-D5DD-456A-A370-1AB5C0946CFC}.Debug|x86.Build.0 = Debug|Any CPU
		{401F18FD-D5DD-456A-A370-1AB5C0946CFC}.Release|Any CPU.ActiveCfg = Release|Any CPU
		{401F18FD-D5DD-456A-A370-1AB5C0946CFC}.Release|Any CPU.Build.0 = Release|Any CPU
		{401F18FD-D5DD-456A-A370-1AB5C0946CFC}.Release|x64.ActiveCfg = Release|Any CPU
		{401F18FD-D5DD-456A-A370-1AB5C0946CFC}.Release|x64.Build.0 = Release|Any CPU
		{401F18FD-D5DD-456A-A370-1AB5C0946CFC}.Release|x86.ActiveCfg = Release|Any CPU
		{401F18FD-D5DD-456A-A370-1AB5C0946CFC}.Release|x86.Build.0 = Release|Any CPU
		{7233ADB6-CF0F-4598-8067-A87569181104}.Debug|Any CPU.ActiveCfg = Debug|Any CPU
		{7233ADB6-CF0F-4598-8067-A87569181104}.Debug|Any CPU.Build.0 = Debug|Any CPU
		{7233ADB6-CF0F-4598-8067-A87569181104}.Debug|x64.ActiveCfg = Debug|Any CPU
		{7233ADB6-CF0F-4598-8067-A87569181104}.Debug|x64.Build.0 = Debug|Any CPU
		{7233ADB6-CF0F-4598-8067-A87569181104}.Debug|x86.ActiveCfg = Debug|Any CPU
		{7233ADB6-CF0F-4598-8067-A87569181104}.Debug|x86.Build.0 = Debug|Any CPU
		{7233ADB6-CF0F-4598-8067-A87569181104}.Release|Any CPU.ActiveCfg = Release|Any CPU
		{7233ADB6-CF0F-4598-8067-A87569181104}.Release|Any CPU.Build.0 = Release|Any CPU
		{7233ADB6-CF0F-4598-8067-A87569181104}.Release|x64.ActiveCfg = Release|Any CPU
		{7233ADB6-CF0F-4598-8067-A87569181104}.Release|x64.Build.0 = Release|Any CPU
		{7233ADB6-CF0F-4598-8067-A87569181104}.Release|x86.ActiveCfg = Release|Any CPU
		{7233ADB6-CF0F-4598-8067-A87569181104}.Release|x86.Build.0 = Release|Any CPU
		{D0282829-FF4A-402D-AC9F-FB04870DF6EF}.Debug|Any CPU.ActiveCfg = Debug|Any CPU
		{D0282829-FF4A-402D-AC9F-FB04870DF6EF}.Debug|Any CPU.Build.0 = Debug|Any CPU
		{D0282829-FF4A-402D-AC9F-FB04870DF6EF}.Debug|x64.ActiveCfg = Debug|Any CPU
		{D0282829-FF4A-402D-AC9F-FB04870DF6EF}.Debug|x64.Build.0 = Debug|Any CPU
		{D0282829-FF4A-402D-AC9F-FB04870DF6EF}.Debug|x86.ActiveCfg = Debug|Any CPU
		{D0282829-FF4A-402D-AC9F-FB04870DF6EF}.Debug|x86.Build.0 = Debug|Any CPU
		{D0282829-FF4A-402D-AC9F-FB04870DF6EF}.Release|Any CPU.ActiveCfg = Release|Any CPU
		{D0282829-FF4A-402D-AC9F-FB04870DF6EF}.Release|Any CPU.Build.0 = Release|Any CPU
		{D0282829-FF4A-402D-AC9F-FB04870DF6EF}.Release|x64.ActiveCfg = Release|Any CPU
		{D0282829-FF4A-402D-AC9F-FB04870DF6EF}.Release|x64.Build.0 = Release|Any CPU
		{D0282829-FF4A-402D-AC9F-FB04870DF6EF}.Release|x86.ActiveCfg = Release|Any CPU
		{D0282829-FF4A-402D-AC9F-FB04870DF6EF}.Release|x86.Build.0 = Release|Any CPU
		{28F6259F-FA62-4A61-A13B-70674B286643}.Debug|Any CPU.ActiveCfg = Debug|Any CPU
		{28F6259F-FA62-4A61-A13B-70674B286643}.Debug|Any CPU.Build.0 = Debug|Any CPU
		{28F6259F-FA62-4A61-A13B-70674B286643}.Debug|x64.ActiveCfg = Debug|Any CPU
		{28F6259F-FA62-4A61-A13B-70674B286643}.Debug|x64.Build.0 = Debug|Any CPU
		{28F6259F-FA62-4A61-A13B-70674B286643}.Debug|x86.ActiveCfg = Debug|Any CPU
		{28F6259F-FA62-4A61-A13B-70674B286643}.Debug|x86.Build.0 = Debug|Any CPU
		{28F6259F-FA62-4A61-A13B-70674B286643}.Release|Any CPU.ActiveCfg = Release|Any CPU
		{28F6259F-FA62-4A61-A13B-70674B286643}.Release|Any CPU.Build.0 = Release|Any CPU
		{28F6259F-FA62-4A61-A13B-70674B286643}.Release|x64.ActiveCfg = Release|Any CPU
		{28F6259F-FA62-4A61-A13B-70674B286643}.Release|x64.Build.0 = Release|Any CPU
		{28F6259F-FA62-4A61-A13B-70674B286643}.Release|x86.ActiveCfg = Release|Any CPU
		{28F6259F-FA62-4A61-A13B-70674B286643}.Release|x86.Build.0 = Release|Any CPU
		{88536A54-AAA5-46FA-9C0D-26E674EC04BA}.Debug|Any CPU.ActiveCfg = Debug|Any CPU
		{88536A54-AAA5-46FA-9C0D-26E674EC04BA}.Debug|Any CPU.Build.0 = Debug|Any CPU
		{88536A54-AAA5-46FA-9C0D-26E674EC04BA}.Debug|x64.ActiveCfg = Debug|Any CPU
		{88536A54-AAA5-46FA-9C0D-26E674EC04BA}.Debug|x64.Build.0 = Debug|Any CPU
		{88536A54-AAA5-46FA-9C0D-26E674EC04BA}.Debug|x86.ActiveCfg = Debug|Any CPU
		{88536A54-AAA5-46FA-9C0D-26E674EC04BA}.Debug|x86.Build.0 = Debug|Any CPU
		{88536A54-AAA5-46FA-9C0D-26E674EC04BA}.Release|Any CPU.ActiveCfg = Release|Any CPU
		{88536A54-AAA5-46FA-9C0D-26E674EC04BA}.Release|Any CPU.Build.0 = Release|Any CPU
		{88536A54-AAA5-46FA-9C0D-26E674EC04BA}.Release|x64.ActiveCfg = Release|Any CPU
		{88536A54-AAA5-46FA-9C0D-26E674EC04BA}.Release|x64.Build.0 = Release|Any CPU
		{88536A54-AAA5-46FA-9C0D-26E674EC04BA}.Release|x86.ActiveCfg = Release|Any CPU
		{88536A54-AAA5-46FA-9C0D-26E674EC04BA}.Release|x86.Build.0 = Release|Any CPU
		{0CC95615-6672-4067-B1C0-41E7AFFA1BDB}.Debug|Any CPU.ActiveCfg = Debug|Any CPU
		{0CC95615-6672-4067-B1C0-41E7AFFA1BDB}.Debug|Any CPU.Build.0 = Debug|Any CPU
		{0CC95615-6672-4067-B1C0-41E7AFFA1BDB}.Debug|x64.ActiveCfg = Debug|Any CPU
		{0CC95615-6672-4067-B1C0-41E7AFFA1BDB}.Debug|x64.Build.0 = Debug|Any CPU
		{0CC95615-6672-4067-B1C0-41E7AFFA1BDB}.Debug|x86.ActiveCfg = Debug|Any CPU
		{0CC95615-6672-4067-B1C0-41E7AFFA1BDB}.Debug|x86.Build.0 = Debug|Any CPU
		{0CC95615-6672-4067-B1C0-41E7AFFA1BDB}.Release|Any CPU.ActiveCfg = Release|Any CPU
		{0CC95615-6672-4067-B1C0-41E7AFFA1BDB}.Release|Any CPU.Build.0 = Release|Any CPU
		{0CC95615-6672-4067-B1C0-41E7AFFA1BDB}.Release|x64.ActiveCfg = Release|Any CPU
		{0CC95615-6672-4067-B1C0-41E7AFFA1BDB}.Release|x64.Build.0 = Release|Any CPU
		{0CC95615-6672-4067-B1C0-41E7AFFA1BDB}.Release|x86.ActiveCfg = Release|Any CPU
		{0CC95615-6672-4067-B1C0-41E7AFFA1BDB}.Release|x86.Build.0 = Release|Any CPU
		{495CFDE8-0D94-4D66-BEBD-AD3C57CFE7EC}.Debug|Any CPU.ActiveCfg = Debug|Any CPU
		{495CFDE8-0D94-4D66-BEBD-AD3C57CFE7EC}.Debug|Any CPU.Build.0 = Debug|Any CPU
		{495CFDE8-0D94-4D66-BEBD-AD3C57CFE7EC}.Debug|x64.ActiveCfg = Debug|Any CPU
		{495CFDE8-0D94-4D66-BEBD-AD3C57CFE7EC}.Debug|x64.Build.0 = Debug|Any CPU
		{495CFDE8-0D94-4D66-BEBD-AD3C57CFE7EC}.Debug|x86.ActiveCfg = Debug|Any CPU
		{495CFDE8-0D94-4D66-BEBD-AD3C57CFE7EC}.Debug|x86.Build.0 = Debug|Any CPU
		{495CFDE8-0D94-4D66-BEBD-AD3C57CFE7EC}.Release|Any CPU.ActiveCfg = Release|Any CPU
		{495CFDE8-0D94-4D66-BEBD-AD3C57CFE7EC}.Release|Any CPU.Build.0 = Release|Any CPU
		{495CFDE8-0D94-4D66-BEBD-AD3C57CFE7EC}.Release|x64.ActiveCfg = Release|Any CPU
		{495CFDE8-0D94-4D66-BEBD-AD3C57CFE7EC}.Release|x64.Build.0 = Release|Any CPU
		{495CFDE8-0D94-4D66-BEBD-AD3C57CFE7EC}.Release|x86.ActiveCfg = Release|Any CPU
		{495CFDE8-0D94-4D66-BEBD-AD3C57CFE7EC}.Release|x86.Build.0 = Release|Any CPU
		{D27B1CE5-1C15-CC35-5BFB-65546622B7B0}.Debug|Any CPU.ActiveCfg = Debug|Any CPU
		{D27B1CE5-1C15-CC35-5BFB-65546622B7B0}.Debug|Any CPU.Build.0 = Debug|Any CPU
		{D27B1CE5-1C15-CC35-5BFB-65546622B7B0}.Debug|x64.ActiveCfg = Debug|Any CPU
		{D27B1CE5-1C15-CC35-5BFB-65546622B7B0}.Debug|x64.Build.0 = Debug|Any CPU
		{D27B1CE5-1C15-CC35-5BFB-65546622B7B0}.Debug|x86.ActiveCfg = Debug|Any CPU
		{D27B1CE5-1C15-CC35-5BFB-65546622B7B0}.Debug|x86.Build.0 = Debug|Any CPU
		{D27B1CE5-1C15-CC35-5BFB-65546622B7B0}.Release|Any CPU.ActiveCfg = Release|Any CPU
		{D27B1CE5-1C15-CC35-5BFB-65546622B7B0}.Release|Any CPU.Build.0 = Release|Any CPU
		{D27B1CE5-1C15-CC35-5BFB-65546622B7B0}.Release|x64.ActiveCfg = Release|Any CPU
		{D27B1CE5-1C15-CC35-5BFB-65546622B7B0}.Release|x64.Build.0 = Release|Any CPU
		{D27B1CE5-1C15-CC35-5BFB-65546622B7B0}.Release|x86.ActiveCfg = Release|Any CPU
		{D27B1CE5-1C15-CC35-5BFB-65546622B7B0}.Release|x86.Build.0 = Release|Any CPU
		{7E4E4D51-3918-8D66-E0BF-9DA42DC86185}.Debug|Any CPU.ActiveCfg = Debug|Any CPU
		{7E4E4D51-3918-8D66-E0BF-9DA42DC86185}.Debug|Any CPU.Build.0 = Debug|Any CPU
		{7E4E4D51-3918-8D66-E0BF-9DA42DC86185}.Debug|x64.ActiveCfg = Debug|Any CPU
		{7E4E4D51-3918-8D66-E0BF-9DA42DC86185}.Debug|x64.Build.0 = Debug|Any CPU
		{7E4E4D51-3918-8D66-E0BF-9DA42DC86185}.Debug|x86.ActiveCfg = Debug|Any CPU
		{7E4E4D51-3918-8D66-E0BF-9DA42DC86185}.Debug|x86.Build.0 = Debug|Any CPU
		{7E4E4D51-3918-8D66-E0BF-9DA42DC86185}.Release|Any CPU.ActiveCfg = Release|Any CPU
		{7E4E4D51-3918-8D66-E0BF-9DA42DC86185}.Release|Any CPU.Build.0 = Release|Any CPU
		{7E4E4D51-3918-8D66-E0BF-9DA42DC86185}.Release|x64.ActiveCfg = Release|Any CPU
		{7E4E4D51-3918-8D66-E0BF-9DA42DC86185}.Release|x64.Build.0 = Release|Any CPU
		{7E4E4D51-3918-8D66-E0BF-9DA42DC86185}.Release|x86.ActiveCfg = Release|Any CPU
		{7E4E4D51-3918-8D66-E0BF-9DA42DC86185}.Release|x86.Build.0 = Release|Any CPU
		{641FE2FF-CC05-412C-5927-3937EC85992A}.Debug|Any CPU.ActiveCfg = Debug|Any CPU
		{641FE2FF-CC05-412C-5927-3937EC85992A}.Debug|Any CPU.Build.0 = Debug|Any CPU
		{641FE2FF-CC05-412C-5927-3937EC85992A}.Debug|x64.ActiveCfg = Debug|Any CPU
		{641FE2FF-CC05-412C-5927-3937EC85992A}.Debug|x64.Build.0 = Debug|Any CPU
		{641FE2FF-CC05-412C-5927-3937EC85992A}.Debug|x86.ActiveCfg = Debug|Any CPU
		{641FE2FF-CC05-412C-5927-3937EC85992A}.Debug|x86.Build.0 = Debug|Any CPU
		{641FE2FF-CC05-412C-5927-3937EC85992A}.Release|Any CPU.ActiveCfg = Release|Any CPU
		{641FE2FF-CC05-412C-5927-3937EC85992A}.Release|Any CPU.Build.0 = Release|Any CPU
		{641FE2FF-CC05-412C-5927-3937EC85992A}.Release|x64.ActiveCfg = Release|Any CPU
		{641FE2FF-CC05-412C-5927-3937EC85992A}.Release|x64.Build.0 = Release|Any CPU
		{641FE2FF-CC05-412C-5927-3937EC85992A}.Release|x86.ActiveCfg = Release|Any CPU
		{641FE2FF-CC05-412C-5927-3937EC85992A}.Release|x86.Build.0 = Release|Any CPU
		{9DDFD9F5-6A72-7B91-B646-13844591FB59}.Debug|Any CPU.ActiveCfg = Debug|Any CPU
		{9DDFD9F5-6A72-7B91-B646-13844591FB59}.Debug|Any CPU.Build.0 = Debug|Any CPU
		{9DDFD9F5-6A72-7B91-B646-13844591FB59}.Debug|x64.ActiveCfg = Debug|Any CPU
		{9DDFD9F5-6A72-7B91-B646-13844591FB59}.Debug|x64.Build.0 = Debug|Any CPU
		{9DDFD9F5-6A72-7B91-B646-13844591FB59}.Debug|x86.ActiveCfg = Debug|Any CPU
		{9DDFD9F5-6A72-7B91-B646-13844591FB59}.Debug|x86.Build.0 = Debug|Any CPU
		{9DDFD9F5-6A72-7B91-B646-13844591FB59}.Release|Any CPU.ActiveCfg = Release|Any CPU
		{9DDFD9F5-6A72-7B91-B646-13844591FB59}.Release|Any CPU.Build.0 = Release|Any CPU
		{9DDFD9F5-6A72-7B91-B646-13844591FB59}.Release|x64.ActiveCfg = Release|Any CPU
		{9DDFD9F5-6A72-7B91-B646-13844591FB59}.Release|x64.Build.0 = Release|Any CPU
		{9DDFD9F5-6A72-7B91-B646-13844591FB59}.Release|x86.ActiveCfg = Release|Any CPU
		{9DDFD9F5-6A72-7B91-B646-13844591FB59}.Release|x86.Build.0 = Release|Any CPU
	EndGlobalSection
	GlobalSection(SolutionProperties) = preSolution
		HideSolutionNode = FALSE
	EndGlobalSection
	GlobalSection(ExtensibilityGlobals) = postSolution
		SolutionGuid = {BD036B5E-58D4-4B25-902A-7B2D4EFE3237}
	EndGlobalSection
EndGlobal
